// !$*UTF8*$!
{
	archiveVersion = 1;
	classes = {
	};
	objectVersion = 55;
	objects = {

/* Begin PBXBuildFile section */
		20415A5027E8ADA200A8F4F3 /* Example.storyboard in Resources */ = {isa = PBXBuildFile; fileRef = 20415A4F27E8ADA200A8F4F3 /* Example.storyboard */; };
		20415A5327E8AF1000A8F4F3 /* Storyboarded.swift in Sources */ = {isa = PBXBuildFile; fileRef = 20415A5227E8AF1000A8F4F3 /* Storyboarded.swift */; };
		20415A5527E8AF4400A8F4F3 /* ExampleViewController.swift in Sources */ = {isa = PBXBuildFile; fileRef = 20415A5427E8AF4400A8F4F3 /* ExampleViewController.swift */; };
		20534A4827E1D725006ED499 /* AppDelegate.swift in Sources */ = {isa = PBXBuildFile; fileRef = 20534A4727E1D725006ED499 /* AppDelegate.swift */; };
		20534A4A27E1D725006ED499 /* SceneDelegate.swift in Sources */ = {isa = PBXBuildFile; fileRef = 20534A4927E1D725006ED499 /* SceneDelegate.swift */; };
		20534A4F27E1D725006ED499 /* Main.storyboard in Resources */ = {isa = PBXBuildFile; fileRef = 20534A4D27E1D725006ED499 /* Main.storyboard */; };
		20534A5127E1D726006ED499 /* Assets.xcassets in Resources */ = {isa = PBXBuildFile; fileRef = 20534A5027E1D726006ED499 /* Assets.xcassets */; };
		20534A5427E1D726006ED499 /* LaunchScreen.storyboard in Resources */ = {isa = PBXBuildFile; fileRef = 20534A5227E1D726006ED499 /* LaunchScreen.storyboard */; };
		20534A9B27E220E2006ED499 /* APIRequest.swift in Sources */ = {isa = PBXBuildFile; fileRef = 20534A9A27E220E2006ED499 /* APIRequest.swift */; };
		20534A9D27E22A9D006ED499 /* APIService.swift in Sources */ = {isa = PBXBuildFile; fileRef = 20534A9C27E22A9D006ED499 /* APIService.swift */; };
		20534A9F27E31AF3006ED499 /* Weather.swift in Sources */ = {isa = PBXBuildFile; fileRef = 20534A9E27E31AF3006ED499 /* Weather.swift */; };
		20534AA127E31B5F006ED499 /* WeatherDescription.swift in Sources */ = {isa = PBXBuildFile; fileRef = 20534AA027E31B5F006ED499 /* WeatherDescription.swift */; };
		20534AA527E31DD6006ED499 /* Wind.swift in Sources */ = {isa = PBXBuildFile; fileRef = 20534AA427E31DD6006ED499 /* Wind.swift */; };
		20534AA727E31E96006ED499 /* Clouds.swift in Sources */ = {isa = PBXBuildFile; fileRef = 20534AA627E31E96006ED499 /* Clouds.swift */; };
		2060805127E89D7900FED14E /* CityData.swift in Sources */ = {isa = PBXBuildFile; fileRef = 2060805027E89D7900FED14E /* CityData.swift */; };
		2060805327E89E1500FED14E /* Locations.swift in Sources */ = {isa = PBXBuildFile; fileRef = 2060805227E89E1500FED14E /* Locations.swift */; };
		2060805627E8A6AF00FED14E /* CityRequest.swift in Sources */ = {isa = PBXBuildFile; fileRef = 2060805427E8A6AF00FED14E /* CityRequest.swift */; };
		206210FA27F1CEC00047F7C9 /* FavouriteLocationCollectionViewController.swift in Sources */ = {isa = PBXBuildFile; fileRef = 206210F927F1CEC00047F7C9 /* FavouriteLocationCollectionViewController.swift */; };
		20A940C627E32A43001504DA /* Weather_AppTests.swift in Sources */ = {isa = PBXBuildFile; fileRef = 20A940C527E32A43001504DA /* Weather_AppTests.swift */; };
		20A940CD27E3382E001504DA /* Condition.swift in Sources */ = {isa = PBXBuildFile; fileRef = 20A940CC27E3382E001504DA /* Condition.swift */; };
		20A940CF27E34CD5001504DA /* ForecastWeatherViewController.swift in Sources */ = {isa = PBXBuildFile; fileRef = 20A940CE27E34CD5001504DA /* ForecastWeatherViewController.swift */; };
		20C60F9E27EC6F0800697BC2 /* SearchResults.storyboard in Resources */ = {isa = PBXBuildFile; fileRef = 20C60F9D27EC6F0800697BC2 /* SearchResults.storyboard */; };
		20C60FA427EC8B7E00697BC2 /* Sys.swift in Sources */ = {isa = PBXBuildFile; fileRef = 20C60FA327EC8B7E00697BC2 /* Sys.swift */; };
		20C60FA627EC946600697BC2 /* RequestType.swift in Sources */ = {isa = PBXBuildFile; fileRef = 20C60FA527EC946600697BC2 /* RequestType.swift */; };
		20C60FA827EC974100697BC2 /* DecimalRounding.swift in Sources */ = {isa = PBXBuildFile; fileRef = 20C60FA727EC974100697BC2 /* DecimalRounding.swift */; };
		20DB2F4327E46E1C00E902B6 /* ForecastViewModel.swift in Sources */ = {isa = PBXBuildFile; fileRef = 20DB2F4227E46E1C00E902B6 /* ForecastViewModel.swift */; };
		20DC8C9A27ECCC1D00E00EEE /* favouriteLocations.storyboard in Resources */ = {isa = PBXBuildFile; fileRef = 20DC8C9927ECCC1D00E00EEE /* favouriteLocations.storyboard */; };
		20DC8C9C27ECD67F00E00EEE /* FavouriteLocationCollectionViewCell.swift in Sources */ = {isa = PBXBuildFile; fileRef = 20DC8C9B27ECD67F00E00EEE /* FavouriteLocationCollectionViewCell.swift */; };
		20DC8C9E27EDA84F00E00EEE /* Constants.swift in Sources */ = {isa = PBXBuildFile; fileRef = 20DC8C9D27EDA84F00E00EEE /* Constants.swift */; };
		20DC8CA027EDAEB600E00EEE /* FavouriteLocationsManager.swift in Sources */ = {isa = PBXBuildFile; fileRef = 20DC8C9F27EDAEB600E00EEE /* FavouriteLocationsManager.swift */; };
		20DC8CA327EDAFF900E00EEE /* WeatherStore.swift in Sources */ = {isa = PBXBuildFile; fileRef = 20DC8CA227EDAFF900E00EEE /* WeatherStore.swift */; };
		20DC8CA527EDB87E00E00EEE /* FavoriteLocationsViewModel.swift in Sources */ = {isa = PBXBuildFile; fileRef = 20DC8CA427EDB87E00E00EEE /* FavoriteLocationsViewModel.swift */; };
		20DC8CA727EDBD8500E00EEE /* FavoriteWeatherLocationTest.swift in Sources */ = {isa = PBXBuildFile; fileRef = 20DC8CA627EDBD8500E00EEE /* FavoriteWeatherLocationTest.swift */; };
		20DC8CA927EDC21B00E00EEE /* StoredLocations.swift in Sources */ = {isa = PBXBuildFile; fileRef = 20DC8CA827EDC21B00E00EEE /* StoredLocations.swift */; };
		20FA691F27EB254F002B5048 /* ResultsTableViewController.swift in Sources */ = {isa = PBXBuildFile; fileRef = 20FA691E27EB254F002B5048 /* ResultsTableViewController.swift */; };
/* End PBXBuildFile section */

/* Begin PBXContainerItemProxy section */
		20A940C727E32A43001504DA /* PBXContainerItemProxy */ = {
			isa = PBXContainerItemProxy;
			containerPortal = 20534A3C27E1D724006ED499 /* Project object */;
			proxyType = 1;
			remoteGlobalIDString = 20534A4327E1D725006ED499;
			remoteInfo = "Weather App";
		};
/* End PBXContainerItemProxy section */

/* Begin PBXFileReference section */
		20415A4F27E8ADA200A8F4F3 /* Example.storyboard */ = {isa = PBXFileReference; lastKnownFileType = file.storyboard; path = Example.storyboard; sourceTree = "<group>"; };
		20415A5227E8AF1000A8F4F3 /* Storyboarded.swift */ = {isa = PBXFileReference; lastKnownFileType = sourcecode.swift; path = Storyboarded.swift; sourceTree = "<group>"; };
		20415A5427E8AF4400A8F4F3 /* ExampleViewController.swift */ = {isa = PBXFileReference; lastKnownFileType = sourcecode.swift; path = ExampleViewController.swift; sourceTree = "<group>"; };
		20534A4427E1D725006ED499 /* Weather App.app */ = {isa = PBXFileReference; explicitFileType = wrapper.application; includeInIndex = 0; path = "Weather App.app"; sourceTree = BUILT_PRODUCTS_DIR; };
		20534A4727E1D725006ED499 /* AppDelegate.swift */ = {isa = PBXFileReference; lastKnownFileType = sourcecode.swift; path = AppDelegate.swift; sourceTree = "<group>"; };
		20534A4927E1D725006ED499 /* SceneDelegate.swift */ = {isa = PBXFileReference; lastKnownFileType = sourcecode.swift; path = SceneDelegate.swift; sourceTree = "<group>"; };
		20534A4E27E1D725006ED499 /* Base */ = {isa = PBXFileReference; lastKnownFileType = file.storyboard; name = Base; path = Base.lproj/Main.storyboard; sourceTree = "<group>"; };
		20534A5027E1D726006ED499 /* Assets.xcassets */ = {isa = PBXFileReference; lastKnownFileType = folder.assetcatalog; path = Assets.xcassets; sourceTree = "<group>"; };
		20534A5327E1D726006ED499 /* Base */ = {isa = PBXFileReference; lastKnownFileType = file.storyboard; name = Base; path = Base.lproj/LaunchScreen.storyboard; sourceTree = "<group>"; };
		20534A5527E1D726006ED499 /* Info.plist */ = {isa = PBXFileReference; lastKnownFileType = text.plist.xml; path = Info.plist; sourceTree = "<group>"; };
		20534A9A27E220E2006ED499 /* APIRequest.swift */ = {isa = PBXFileReference; lastKnownFileType = sourcecode.swift; path = APIRequest.swift; sourceTree = "<group>"; };
		20534A9C27E22A9D006ED499 /* APIService.swift */ = {isa = PBXFileReference; lastKnownFileType = sourcecode.swift; path = APIService.swift; sourceTree = "<group>"; };
		20534A9E27E31AF3006ED499 /* Weather.swift */ = {isa = PBXFileReference; lastKnownFileType = sourcecode.swift; path = Weather.swift; sourceTree = "<group>"; };
		20534AA027E31B5F006ED499 /* WeatherDescription.swift */ = {isa = PBXFileReference; lastKnownFileType = sourcecode.swift; path = WeatherDescription.swift; sourceTree = "<group>"; };
		20534AA427E31DD6006ED499 /* Wind.swift */ = {isa = PBXFileReference; lastKnownFileType = sourcecode.swift; path = Wind.swift; sourceTree = "<group>"; };
		20534AA627E31E96006ED499 /* Clouds.swift */ = {isa = PBXFileReference; lastKnownFileType = sourcecode.swift; path = Clouds.swift; sourceTree = "<group>"; };
		2060805027E89D7900FED14E /* CityData.swift */ = {isa = PBXFileReference; lastKnownFileType = sourcecode.swift; path = CityData.swift; sourceTree = "<group>"; };
		2060805227E89E1500FED14E /* Locations.swift */ = {isa = PBXFileReference; lastKnownFileType = sourcecode.swift; path = Locations.swift; sourceTree = "<group>"; };
		2060805427E8A6AF00FED14E /* CityRequest.swift */ = {isa = PBXFileReference; lastKnownFileType = sourcecode.swift; path = CityRequest.swift; sourceTree = "<group>"; };
		206210F927F1CEC00047F7C9 /* FavouriteLocationCollectionViewController.swift */ = {isa = PBXFileReference; lastKnownFileType = sourcecode.swift; path = FavouriteLocationCollectionViewController.swift; sourceTree = "<group>"; };
		20A940C327E32A43001504DA /* Weather AppTests.xctest */ = {isa = PBXFileReference; explicitFileType = wrapper.cfbundle; includeInIndex = 0; path = "Weather AppTests.xctest"; sourceTree = BUILT_PRODUCTS_DIR; };
		20A940C527E32A43001504DA /* Weather_AppTests.swift */ = {isa = PBXFileReference; lastKnownFileType = sourcecode.swift; path = Weather_AppTests.swift; sourceTree = "<group>"; };
		20A940CC27E3382E001504DA /* Condition.swift */ = {isa = PBXFileReference; lastKnownFileType = sourcecode.swift; path = Condition.swift; sourceTree = "<group>"; };
		20A940CE27E34CD5001504DA /* ForecastWeatherViewController.swift */ = {isa = PBXFileReference; lastKnownFileType = sourcecode.swift; path = ForecastWeatherViewController.swift; sourceTree = "<group>"; };
		20C60F9D27EC6F0800697BC2 /* SearchResults.storyboard */ = {isa = PBXFileReference; lastKnownFileType = file.storyboard; path = SearchResults.storyboard; sourceTree = "<group>"; };
		20C60FA327EC8B7E00697BC2 /* Sys.swift */ = {isa = PBXFileReference; lastKnownFileType = sourcecode.swift; path = Sys.swift; sourceTree = "<group>"; };
		20C60FA527EC946600697BC2 /* RequestType.swift */ = {isa = PBXFileReference; lastKnownFileType = sourcecode.swift; path = RequestType.swift; sourceTree = "<group>"; };
		20C60FA727EC974100697BC2 /* DecimalRounding.swift */ = {isa = PBXFileReference; lastKnownFileType = sourcecode.swift; path = DecimalRounding.swift; sourceTree = "<group>"; };
		20DB2F4227E46E1C00E902B6 /* ForecastViewModel.swift */ = {isa = PBXFileReference; lastKnownFileType = sourcecode.swift; path = ForecastViewModel.swift; sourceTree = "<group>"; };
		20DC8C9927ECCC1D00E00EEE /* favouriteLocations.storyboard */ = {isa = PBXFileReference; lastKnownFileType = file.storyboard; path = favouriteLocations.storyboard; sourceTree = "<group>"; };
		20DC8C9B27ECD67F00E00EEE /* FavouriteLocationCollectionViewCell.swift */ = {isa = PBXFileReference; lastKnownFileType = sourcecode.swift; path = FavouriteLocationCollectionViewCell.swift; sourceTree = "<group>"; };
		20DC8C9D27EDA84F00E00EEE /* Constants.swift */ = {isa = PBXFileReference; lastKnownFileType = sourcecode.swift; path = Constants.swift; sourceTree = "<group>"; };
		20DC8C9F27EDAEB600E00EEE /* FavouriteLocationsManager.swift */ = {isa = PBXFileReference; lastKnownFileType = sourcecode.swift; path = FavouriteLocationsManager.swift; sourceTree = "<group>"; };
		20DC8CA227EDAFF900E00EEE /* WeatherStore.swift */ = {isa = PBXFileReference; lastKnownFileType = sourcecode.swift; path = WeatherStore.swift; sourceTree = "<group>"; };
		20DC8CA427EDB87E00E00EEE /* FavoriteLocationsViewModel.swift */ = {isa = PBXFileReference; lastKnownFileType = sourcecode.swift; path = FavoriteLocationsViewModel.swift; sourceTree = "<group>"; };
		20DC8CA627EDBD8500E00EEE /* FavoriteWeatherLocationTest.swift */ = {isa = PBXFileReference; lastKnownFileType = sourcecode.swift; path = FavoriteWeatherLocationTest.swift; sourceTree = "<group>"; };
		20DC8CA827EDC21B00E00EEE /* StoredLocations.swift */ = {isa = PBXFileReference; lastKnownFileType = sourcecode.swift; path = StoredLocations.swift; sourceTree = "<group>"; };
		20FA691E27EB254F002B5048 /* ResultsTableViewController.swift */ = {isa = PBXFileReference; lastKnownFileType = sourcecode.swift; path = ResultsTableViewController.swift; sourceTree = "<group>"; };
/* End PBXFileReference section */

/* Begin PBXFrameworksBuildPhase section */
		20534A4127E1D725006ED499 /* Frameworks */ = {
			isa = PBXFrameworksBuildPhase;
			buildActionMask = 2147483647;
			files = (
			);
			runOnlyForDeploymentPostprocessing = 0;
		};
		20A940C027E32A43001504DA /* Frameworks */ = {
			isa = PBXFrameworksBuildPhase;
			buildActionMask = 2147483647;
			files = (
			);
			runOnlyForDeploymentPostprocessing = 0;
		};
/* End PBXFrameworksBuildPhase section */

/* Begin PBXGroup section */
		20415A5127E8AEFF00A8F4F3 /* Utils */ = {
			isa = PBXGroup;
			children = (
				20415A5227E8AF1000A8F4F3 /* Storyboarded.swift */,
				20C60FA727EC974100697BC2 /* DecimalRounding.swift */,
			);
			path = Utils;
			sourceTree = "<group>";
		};
		20534A3B27E1D724006ED499 = {
			isa = PBXGroup;
			children = (
				20534A4627E1D725006ED499 /* Weather App */,
				20A940C427E32A43001504DA /* Weather AppTests */,
				20534A4527E1D725006ED499 /* Products */,
			);
			sourceTree = "<group>";
		};
		20534A4527E1D725006ED499 /* Products */ = {
			isa = PBXGroup;
			children = (
				20534A4427E1D725006ED499 /* Weather App.app */,
				20A940C327E32A43001504DA /* Weather AppTests.xctest */,
			);
			name = Products;
			sourceTree = "<group>";
		};
		20534A4627E1D725006ED499 /* Weather App */ = {
			isa = PBXGroup;
			children = (
				20DC8CA127EDAFE200E00EEE /* Store */,
				20415A5127E8AEFF00A8F4F3 /* Utils */,
				20534A4727E1D725006ED499 /* AppDelegate.swift */,
				20534A4927E1D725006ED499 /* SceneDelegate.swift */,
				20534A8B27E21DF1006ED499 /* Networking */,
				20534A8C27E21E07006ED499 /* Manager */,
				20534A5D27E1D826006ED499 /* Controller */,
				20AAE0CB27E3714F00543DC1 /* View Model */,
				20534A5C27E1D81E006ED499 /* View */,
				20534A5B27E1D813006ED499 /* Model */,
				20534A5027E1D726006ED499 /* Assets.xcassets */,
				20534A5527E1D726006ED499 /* Info.plist */,
				20DC8C9D27EDA84F00E00EEE /* Constants.swift */,
			);
			path = "Weather App";
			sourceTree = "<group>";
		};
		20534A5B27E1D813006ED499 /* Model */ = {
			isa = PBXGroup;
			children = (
				20534A9E27E31AF3006ED499 /* Weather.swift */,
				20534AA027E31B5F006ED499 /* WeatherDescription.swift */,
				20A940CC27E3382E001504DA /* Condition.swift */,
				20534AA427E31DD6006ED499 /* Wind.swift */,
				20534AA627E31E96006ED499 /* Clouds.swift */,
				20C60FA327EC8B7E00697BC2 /* Sys.swift */,
				2060805227E89E1500FED14E /* Locations.swift */,
				2060805027E89D7900FED14E /* CityData.swift */,
				20C60FA527EC946600697BC2 /* RequestType.swift */,
			);
			path = Model;
			sourceTree = "<group>";
		};
		20534A5C27E1D81E006ED499 /* View */ = {
			isa = PBXGroup;
			children = (
				20534A5227E1D726006ED499 /* LaunchScreen.storyboard */,
				20534A4D27E1D725006ED499 /* Main.storyboard */,
				20415A4F27E8ADA200A8F4F3 /* Example.storyboard */,
				20C60F9D27EC6F0800697BC2 /* SearchResults.storyboard */,
				20DC8C9927ECCC1D00E00EEE /* favouriteLocations.storyboard */,
			);
			path = View;
			sourceTree = "<group>";
		};
		20534A5D27E1D826006ED499 /* Controller */ = {
			isa = PBXGroup;
			children = (
				20A940CE27E34CD5001504DA /* ForecastWeatherViewController.swift */,
				20415A5427E8AF4400A8F4F3 /* ExampleViewController.swift */,
				20FA691E27EB254F002B5048 /* ResultsTableViewController.swift */,
				206210F927F1CEC00047F7C9 /* FavouriteLocationCollectionViewController.swift */,
				20DC8C9B27ECD67F00E00EEE /* FavouriteLocationCollectionViewCell.swift */,
			);
			path = Controller;
			sourceTree = "<group>";
		};
		20534A8B27E21DF1006ED499 /* Networking */ = {
			isa = PBXGroup;
			children = (
				20534A9A27E220E2006ED499 /* APIRequest.swift */,
				20534A9C27E22A9D006ED499 /* APIService.swift */,
			);
			path = Networking;
			sourceTree = "<group>";
		};
		20534A8C27E21E07006ED499 /* Manager */ = {
			isa = PBXGroup;
			children = (
				20DC8C9F27EDAEB600E00EEE /* FavouriteLocationsManager.swift */,
			);
			path = Manager;
			sourceTree = "<group>";
		};
		20A940C427E32A43001504DA /* Weather AppTests */ = {
			isa = PBXGroup;
			children = (
				20DC8CA827EDC21B00E00EEE /* StoredLocations.swift */,
				20DC8CA627EDBD8500E00EEE /* FavoriteWeatherLocationTest.swift */,
				20A940C527E32A43001504DA /* Weather_AppTests.swift */,
				2060805427E8A6AF00FED14E /* CityRequest.swift */,
			);
			path = "Weather AppTests";
			sourceTree = "<group>";
		};
		20AAE0CB27E3714F00543DC1 /* View Model */ = {
			isa = PBXGroup;
			children = (
				20DB2F4227E46E1C00E902B6 /* ForecastViewModel.swift */,
				20DC8CA427EDB87E00E00EEE /* FavoriteLocationsViewModel.swift */,
			);
			path = "View Model";
			sourceTree = "<group>";
		};
		20DC8CA127EDAFE200E00EEE /* Store */ = {
			isa = PBXGroup;
			children = (
				20DC8CA227EDAFF900E00EEE /* WeatherStore.swift */,
			);
			path = Store;
			sourceTree = "<group>";
		};
/* End PBXGroup section */

/* Begin PBXNativeTarget section */
		20534A4327E1D725006ED499 /* Weather App */ = {
			isa = PBXNativeTarget;
			buildConfigurationList = 20534A5827E1D726006ED499 /* Build configuration list for PBXNativeTarget "Weather App" */;
			buildPhases = (
				20534A4027E1D725006ED499 /* Sources */,
				20534A4127E1D725006ED499 /* Frameworks */,
				20534A4227E1D725006ED499 /* Resources */,
			);
			buildRules = (
			);
			dependencies = (
			);
			name = "Weather App";
			productName = "Weather App";
			productReference = 20534A4427E1D725006ED499 /* Weather App.app */;
			productType = "com.apple.product-type.application";
		};
		20A940C227E32A43001504DA /* Weather AppTests */ = {
			isa = PBXNativeTarget;
			buildConfigurationList = 20A940C927E32A43001504DA /* Build configuration list for PBXNativeTarget "Weather AppTests" */;
			buildPhases = (
				20A940BF27E32A43001504DA /* Sources */,
				20A940C027E32A43001504DA /* Frameworks */,
				20A940C127E32A43001504DA /* Resources */,
			);
			buildRules = (
			);
			dependencies = (
				20A940C827E32A43001504DA /* PBXTargetDependency */,
			);
			name = "Weather AppTests";
			productName = "Weather AppTests";
			productReference = 20A940C327E32A43001504DA /* Weather AppTests.xctest */;
			productType = "com.apple.product-type.bundle.unit-test";
		};
/* End PBXNativeTarget section */

/* Begin PBXProject section */
		20534A3C27E1D724006ED499 /* Project object */ = {
			isa = PBXProject;
			attributes = {
				BuildIndependentTargetsInParallel = 1;
				LastSwiftUpdateCheck = 1320;
				LastUpgradeCheck = 1320;
				TargetAttributes = {
					20534A4327E1D725006ED499 = {
						CreatedOnToolsVersion = 13.2.1;
					};
					20A940C227E32A43001504DA = {
						CreatedOnToolsVersion = 13.2.1;
						TestTargetID = 20534A4327E1D725006ED499;
					};
				};
			};
			buildConfigurationList = 20534A3F27E1D724006ED499 /* Build configuration list for PBXProject "Weather App" */;
			compatibilityVersion = "Xcode 13.0";
			developmentRegion = en;
			hasScannedForEncodings = 0;
			knownRegions = (
				en,
				Base,
			);
			mainGroup = 20534A3B27E1D724006ED499;
			productRefGroup = 20534A4527E1D725006ED499 /* Products */;
			projectDirPath = "";
			projectRoot = "";
			targets = (
				20534A4327E1D725006ED499 /* Weather App */,
				20A940C227E32A43001504DA /* Weather AppTests */,
			);
		};
/* End PBXProject section */

/* Begin PBXResourcesBuildPhase section */
		20534A4227E1D725006ED499 /* Resources */ = {
			isa = PBXResourcesBuildPhase;
			buildActionMask = 2147483647;
			files = (
				20C60F9E27EC6F0800697BC2 /* SearchResults.storyboard in Resources */,
				20534A5427E1D726006ED499 /* LaunchScreen.storyboard in Resources */,
				20415A5027E8ADA200A8F4F3 /* Example.storyboard in Resources */,
				20534A5127E1D726006ED499 /* Assets.xcassets in Resources */,
				20534A4F27E1D725006ED499 /* Main.storyboard in Resources */,
				20DC8C9A27ECCC1D00E00EEE /* favouriteLocations.storyboard in Resources */,
			);
			runOnlyForDeploymentPostprocessing = 0;
		};
		20A940C127E32A43001504DA /* Resources */ = {
			isa = PBXResourcesBuildPhase;
			buildActionMask = 2147483647;
			files = (
			);
			runOnlyForDeploymentPostprocessing = 0;
		};
/* End PBXResourcesBuildPhase section */

/* Begin PBXSourcesBuildPhase section */
		20534A4027E1D725006ED499 /* Sources */ = {
			isa = PBXSourcesBuildPhase;
			buildActionMask = 2147483647;
			files = (
				2060805127E89D7900FED14E /* CityData.swift in Sources */,
				20DC8C9E27EDA84F00E00EEE /* Constants.swift in Sources */,
				20534A9D27E22A9D006ED499 /* APIService.swift in Sources */,
				20A940CF27E34CD5001504DA /* ForecastWeatherViewController.swift in Sources */,
				20DC8CA527EDB87E00E00EEE /* FavoriteLocationsViewModel.swift in Sources */,
				20534AA527E31DD6006ED499 /* Wind.swift in Sources */,
				2060805327E89E1500FED14E /* Locations.swift in Sources */,
				20534A4827E1D725006ED499 /* AppDelegate.swift in Sources */,
				20DC8C9C27ECD67F00E00EEE /* FavouriteLocationCollectionViewCell.swift in Sources */,
				20534A9F27E31AF3006ED499 /* Weather.swift in Sources */,
				20534A9B27E220E2006ED499 /* APIRequest.swift in Sources */,
				206210FA27F1CEC00047F7C9 /* FavouriteLocationCollectionViewController.swift in Sources */,
				20FA691F27EB254F002B5048 /* ResultsTableViewController.swift in Sources */,
				20DB2F4327E46E1C00E902B6 /* ForecastViewModel.swift in Sources */,
				20534AA127E31B5F006ED499 /* WeatherDescription.swift in Sources */,
				20534A4A27E1D725006ED499 /* SceneDelegate.swift in Sources */,
				20534AA727E31E96006ED499 /* Clouds.swift in Sources */,
				20C60FA827EC974100697BC2 /* DecimalRounding.swift in Sources */,
				20A940CD27E3382E001504DA /* Condition.swift in Sources */,
				20415A5327E8AF1000A8F4F3 /* Storyboarded.swift in Sources */,
				20DC8CA327EDAFF900E00EEE /* WeatherStore.swift in Sources */,
				20DC8CA027EDAEB600E00EEE /* FavouriteLocationsManager.swift in Sources */,
				20415A5527E8AF4400A8F4F3 /* ExampleViewController.swift in Sources */,
				20C60FA427EC8B7E00697BC2 /* Sys.swift in Sources */,
				20C60FA627EC946600697BC2 /* RequestType.swift in Sources */,
			);
			runOnlyForDeploymentPostprocessing = 0;
		};
		20A940BF27E32A43001504DA /* Sources */ = {
			isa = PBXSourcesBuildPhase;
			buildActionMask = 2147483647;
			files = (
				2060805627E8A6AF00FED14E /* CityRequest.swift in Sources */,
				20DC8CA927EDC21B00E00EEE /* StoredLocations.swift in Sources */,
				20DC8CA727EDBD8500E00EEE /* FavoriteWeatherLocationTest.swift in Sources */,
				20A940C627E32A43001504DA /* Weather_AppTests.swift in Sources */,
			);
			runOnlyForDeploymentPostprocessing = 0;
		};
/* End PBXSourcesBuildPhase section */

/* Begin PBXTargetDependency section */
		20A940C827E32A43001504DA /* PBXTargetDependency */ = {
			isa = PBXTargetDependency;
			target = 20534A4327E1D725006ED499 /* Weather App */;
			targetProxy = 20A940C727E32A43001504DA /* PBXContainerItemProxy */;
		};
/* End PBXTargetDependency section */

/* Begin PBXVariantGroup section */
		20534A4D27E1D725006ED499 /* Main.storyboard */ = {
			isa = PBXVariantGroup;
			children = (
				20534A4E27E1D725006ED499 /* Base */,
			);
			name = Main.storyboard;
			sourceTree = "<group>";
		};
		20534A5227E1D726006ED499 /* LaunchScreen.storyboard */ = {
			isa = PBXVariantGroup;
			children = (
				20534A5327E1D726006ED499 /* Base */,
			);
			name = LaunchScreen.storyboard;
			sourceTree = "<group>";
		};
/* End PBXVariantGroup section */

/* Begin XCBuildConfiguration section */
		20534A5627E1D726006ED499 /* Debug */ = {
			isa = XCBuildConfiguration;
			buildSettings = {
				ALWAYS_SEARCH_USER_PATHS = NO;
				CLANG_ANALYZER_NONNULL = YES;
				CLANG_ANALYZER_NUMBER_OBJECT_CONVERSION = YES_AGGRESSIVE;
				CLANG_CXX_LANGUAGE_STANDARD = "gnu++17";
				CLANG_CXX_LIBRARY = "libc++";
				CLANG_ENABLE_MODULES = YES;
				CLANG_ENABLE_OBJC_ARC = YES;
				CLANG_ENABLE_OBJC_WEAK = YES;
				CLANG_WARN_BLOCK_CAPTURE_AUTORELEASING = YES;
				CLANG_WARN_BOOL_CONVERSION = YES;
				CLANG_WARN_COMMA = YES;
				CLANG_WARN_CONSTANT_CONVERSION = YES;
				CLANG_WARN_DEPRECATED_OBJC_IMPLEMENTATIONS = YES;
				CLANG_WARN_DIRECT_OBJC_ISA_USAGE = YES_ERROR;
				CLANG_WARN_DOCUMENTATION_COMMENTS = YES;
				CLANG_WARN_EMPTY_BODY = YES;
				CLANG_WARN_ENUM_CONVERSION = YES;
				CLANG_WARN_INFINITE_RECURSION = YES;
				CLANG_WARN_INT_CONVERSION = YES;
				CLANG_WARN_NON_LITERAL_NULL_CONVERSION = YES;
				CLANG_WARN_OBJC_IMPLICIT_RETAIN_SELF = YES;
				CLANG_WARN_OBJC_LITERAL_CONVERSION = YES;
				CLANG_WARN_OBJC_ROOT_CLASS = YES_ERROR;
				CLANG_WARN_QUOTED_INCLUDE_IN_FRAMEWORK_HEADER = YES;
				CLANG_WARN_RANGE_LOOP_ANALYSIS = YES;
				CLANG_WARN_STRICT_PROTOTYPES = YES;
				CLANG_WARN_SUSPICIOUS_MOVE = YES;
				CLANG_WARN_UNGUARDED_AVAILABILITY = YES_AGGRESSIVE;
				CLANG_WARN_UNREACHABLE_CODE = YES;
				CLANG_WARN__DUPLICATE_METHOD_MATCH = YES;
				COPY_PHASE_STRIP = NO;
				DEBUG_INFORMATION_FORMAT = dwarf;
				ENABLE_STRICT_OBJC_MSGSEND = YES;
				ENABLE_TESTABILITY = YES;
				GCC_C_LANGUAGE_STANDARD = gnu11;
				GCC_DYNAMIC_NO_PIC = NO;
				GCC_NO_COMMON_BLOCKS = YES;
				GCC_OPTIMIZATION_LEVEL = 0;
				GCC_PREPROCESSOR_DEFINITIONS = (
					"DEBUG=1",
					"$(inherited)",
				);
				GCC_WARN_64_TO_32_BIT_CONVERSION = YES;
				GCC_WARN_ABOUT_RETURN_TYPE = YES_ERROR;
				GCC_WARN_UNDECLARED_SELECTOR = YES;
				GCC_WARN_UNINITIALIZED_AUTOS = YES_AGGRESSIVE;
				GCC_WARN_UNUSED_FUNCTION = YES;
				GCC_WARN_UNUSED_VARIABLE = YES;
				IPHONEOS_DEPLOYMENT_TARGET = 15.2;
				MTL_ENABLE_DEBUG_INFO = INCLUDE_SOURCE;
				MTL_FAST_MATH = YES;
				ONLY_ACTIVE_ARCH = YES;
				SDKROOT = iphoneos;
				SWIFT_ACTIVE_COMPILATION_CONDITIONS = DEBUG;
				SWIFT_OPTIMIZATION_LEVEL = "-Onone";
			};
			name = Debug;
		};
		20534A5727E1D726006ED499 /* Release */ = {
			isa = XCBuildConfiguration;
			buildSettings = {
				ALWAYS_SEARCH_USER_PATHS = NO;
				CLANG_ANALYZER_NONNULL = YES;
				CLANG_ANALYZER_NUMBER_OBJECT_CONVERSION = YES_AGGRESSIVE;
				CLANG_CXX_LANGUAGE_STANDARD = "gnu++17";
				CLANG_CXX_LIBRARY = "libc++";
				CLANG_ENABLE_MODULES = YES;
				CLANG_ENABLE_OBJC_ARC = YES;
				CLANG_ENABLE_OBJC_WEAK = YES;
				CLANG_WARN_BLOCK_CAPTURE_AUTORELEASING = YES;
				CLANG_WARN_BOOL_CONVERSION = YES;
				CLANG_WARN_COMMA = YES;
				CLANG_WARN_CONSTANT_CONVERSION = YES;
				CLANG_WARN_DEPRECATED_OBJC_IMPLEMENTATIONS = YES;
				CLANG_WARN_DIRECT_OBJC_ISA_USAGE = YES_ERROR;
				CLANG_WARN_DOCUMENTATION_COMMENTS = YES;
				CLANG_WARN_EMPTY_BODY = YES;
				CLANG_WARN_ENUM_CONVERSION = YES;
				CLANG_WARN_INFINITE_RECURSION = YES;
				CLANG_WARN_INT_CONVERSION = YES;
				CLANG_WARN_NON_LITERAL_NULL_CONVERSION = YES;
				CLANG_WARN_OBJC_IMPLICIT_RETAIN_SELF = YES;
				CLANG_WARN_OBJC_LITERAL_CONVERSION = YES;
				CLANG_WARN_OBJC_ROOT_CLASS = YES_ERROR;
				CLANG_WARN_QUOTED_INCLUDE_IN_FRAMEWORK_HEADER = YES;
				CLANG_WARN_RANGE_LOOP_ANALYSIS = YES;
				CLANG_WARN_STRICT_PROTOTYPES = YES;
				CLANG_WARN_SUSPICIOUS_MOVE = YES;
				CLANG_WARN_UNGUARDED_AVAILABILITY = YES_AGGRESSIVE;
				CLANG_WARN_UNREACHABLE_CODE = YES;
				CLANG_WARN__DUPLICATE_METHOD_MATCH = YES;
				COPY_PHASE_STRIP = NO;
				DEBUG_INFORMATION_FORMAT = "dwarf-with-dsym";
				ENABLE_NS_ASSERTIONS = NO;
				ENABLE_STRICT_OBJC_MSGSEND = YES;
				GCC_C_LANGUAGE_STANDARD = gnu11;
				GCC_NO_COMMON_BLOCKS = YES;
				GCC_WARN_64_TO_32_BIT_CONVERSION = YES;
				GCC_WARN_ABOUT_RETURN_TYPE = YES_ERROR;
				GCC_WARN_UNDECLARED_SELECTOR = YES;
				GCC_WARN_UNINITIALIZED_AUTOS = YES_AGGRESSIVE;
				GCC_WARN_UNUSED_FUNCTION = YES;
				GCC_WARN_UNUSED_VARIABLE = YES;
				IPHONEOS_DEPLOYMENT_TARGET = 15.2;
				MTL_ENABLE_DEBUG_INFO = NO;
				MTL_FAST_MATH = YES;
				SDKROOT = iphoneos;
				SWIFT_COMPILATION_MODE = wholemodule;
				SWIFT_OPTIMIZATION_LEVEL = "-O";
				VALIDATE_PRODUCT = YES;
			};
			name = Release;
		};
		20534A5927E1D726006ED499 /* Debug */ = {
			isa = XCBuildConfiguration;
			buildSettings = {
				ASSETCATALOG_COMPILER_APPICON_NAME = AppIcon;
				ASSETCATALOG_COMPILER_GLOBAL_ACCENT_COLOR_NAME = AccentColor;
				CODE_SIGN_STYLE = Automatic;
				CURRENT_PROJECT_VERSION = 1;
				DEVELOPMENT_TEAM = 27BN3TK2LU;
				GENERATE_INFOPLIST_FILE = YES;
				INFOPLIST_FILE = "Weather App/Info.plist";
				INFOPLIST_KEY_UIApplicationSupportsIndirectInputEvents = YES;
				INFOPLIST_KEY_UILaunchStoryboardName = LaunchScreen;
				INFOPLIST_KEY_UIMainStoryboardFile = Main;
				INFOPLIST_KEY_UISupportedInterfaceOrientations_iPad = "UIInterfaceOrientationPortrait UIInterfaceOrientationPortraitUpsideDown UIInterfaceOrientationLandscapeLeft UIInterfaceOrientationLandscapeRight";
				INFOPLIST_KEY_UISupportedInterfaceOrientations_iPhone = "UIInterfaceOrientationPortrait UIInterfaceOrientationLandscapeLeft UIInterfaceOrientationLandscapeRight";
				LD_RUNPATH_SEARCH_PATHS = (
					"$(inherited)",
					"@executable_path/Frameworks",
				);
				MARKETING_VERSION = 1.0;
				PRODUCT_BUNDLE_IDENTIFIER = "EricDavis.Weather-App";
				PRODUCT_NAME = "$(TARGET_NAME)";
				SWIFT_EMIT_LOC_STRINGS = YES;
				SWIFT_VERSION = 5.0;
				TARGETED_DEVICE_FAMILY = "1,2";
			};
			name = Debug;
		};
		20534A5A27E1D726006ED499 /* Release */ = {
			isa = XCBuildConfiguration;
			buildSettings = {
				ASSETCATALOG_COMPILER_APPICON_NAME = AppIcon;
				ASSETCATALOG_COMPILER_GLOBAL_ACCENT_COLOR_NAME = AccentColor;
				CODE_SIGN_STYLE = Automatic;
				CURRENT_PROJECT_VERSION = 1;
				DEVELOPMENT_TEAM = 27BN3TK2LU;
				GENERATE_INFOPLIST_FILE = YES;
				INFOPLIST_FILE = "Weather App/Info.plist";
				INFOPLIST_KEY_UIApplicationSupportsIndirectInputEvents = YES;
				INFOPLIST_KEY_UILaunchStoryboardName = LaunchScreen;
				INFOPLIST_KEY_UIMainStoryboardFile = Main;
				INFOPLIST_KEY_UISupportedInterfaceOrientations_iPad = "UIInterfaceOrientationPortrait UIInterfaceOrientationPortraitUpsideDown UIInterfaceOrientationLandscapeLeft UIInterfaceOrientationLandscapeRight";
				INFOPLIST_KEY_UISupportedInterfaceOrientations_iPhone = "UIInterfaceOrientationPortrait UIInterfaceOrientationLandscapeLeft UIInterfaceOrientationLandscapeRight";
				LD_RUNPATH_SEARCH_PATHS = (
					"$(inherited)",
					"@executable_path/Frameworks",
				);
				MARKETING_VERSION = 1.0;
				PRODUCT_BUNDLE_IDENTIFIER = "EricDavis.Weather-App";
				PRODUCT_NAME = "$(TARGET_NAME)";
				SWIFT_EMIT_LOC_STRINGS = YES;
				SWIFT_VERSION = 5.0;
				TARGETED_DEVICE_FAMILY = "1,2";
			};
			name = Release;
		};
		20A940CA27E32A43001504DA /* Debug */ = {
			isa = XCBuildConfiguration;
			buildSettings = {
				BUNDLE_LOADER = "$(TEST_HOST)";
				CODE_SIGN_STYLE = Automatic;
				CURRENT_PROJECT_VERSION = 1;
				DEVELOPMENT_TEAM = 27BN3TK2LU;
				GENERATE_INFOPLIST_FILE = YES;
				MARKETING_VERSION = 1.0;
				PRODUCT_BUNDLE_IDENTIFIER = "EricDavis.Weather-AppTests";
				PRODUCT_NAME = "$(TARGET_NAME)";
				SWIFT_EMIT_LOC_STRINGS = NO;
				SWIFT_VERSION = 5.0;
				TARGETED_DEVICE_FAMILY = "1,2";
				TEST_HOST = "$(BUILT_PRODUCTS_DIR)/Weather App.app/Weather App";
			};
			name = Debug;
		};
		20A940CB27E32A43001504DA /* Release */ = {
			isa = XCBuildConfiguration;
			buildSettings = {
				BUNDLE_LOADER = "$(TEST_HOST)";
				CODE_SIGN_STYLE = Automatic;
				CURRENT_PROJECT_VERSION = 1;
				DEVELOPMENT_TEAM = 27BN3TK2LU;
				GENERATE_INFOPLIST_FILE = YES;
				MARKETING_VERSION = 1.0;
				PRODUCT_BUNDLE_IDENTIFIER = "EricDavis.Weather-AppTests";
				PRODUCT_NAME = "$(TARGET_NAME)";
				SWIFT_EMIT_LOC_STRINGS = NO;
				SWIFT_VERSION = 5.0;
				TARGETED_DEVICE_FAMILY = "1,2";
				TEST_HOST = "$(BUILT_PRODUCTS_DIR)/Weather App.app/Weather App";
			};
			name = Release;
		};
/* End XCBuildConfiguration section */

/* Begin XCConfigurationList section */
		20534A3F27E1D724006ED499 /* Build configuration list for PBXProject "Weather App" */ = {
			isa = XCConfigurationList;
			buildConfigurations = (
				20534A5627E1D726006ED499 /* Debug */,
				20534A5727E1D726006ED499 /* Release */,
			);
			defaultConfigurationIsVisible = 0;
			defaultConfigurationName = Release;
		};
		20534A5827E1D726006ED499 /* Build configuration list for PBXNativeTarget "Weather App" */ = {
			isa = XCConfigurationList;
			buildConfigurations = (
				20534A5927E1D726006ED499 /* Debug */,
				20534A5A27E1D726006ED499 /* Release */,
			);
			defaultConfigurationIsVisible = 0;
			defaultConfigurationName = Release;
		};
		20A940C927E32A43001504DA /* Build configuration list for PBXNativeTarget "Weather AppTests" */ = {
			isa = XCConfigurationList;
			buildConfigurations = (
				20A940CA27E32A43001504DA /* Debug */,
				20A940CB27E32A43001504DA /* Release */,
			);
			defaultConfigurationIsVisible = 0;
			defaultConfigurationName = Release;
		};
/* End XCConfigurationList section */
	};
	rootObject = 20534A3C27E1D724006ED499 /* Project object */;
}
